
Microsoft Visual Studio Solution File, Format Version 12.00
# Visual Studio 15
VisualStudioVersion = 15.0.26124.0
MinimumVisualStudioVersion = 15.0.26124.0
Project("{FAE04EC0-301F-11D3-BF4B-00C04F79EFBC}") = "DeOlho.Domain", "DeOlho.Domain\DeOlho.Domain.csproj", "{CE247EE6-A631-43F3-BFF5-C899764B402F}"
EndProject
Project("{FAE04EC0-301F-11D3-BF4B-00C04F79EFBC}") = "DeOlho.Application", "DeOlho.Application\DeOlho.Application.csproj", "{21D37052-BD23-4646-8388-1362B0E5936C}"
EndProject
Project("{FAE04EC0-301F-11D3-BF4B-00C04F79EFBC}") = "DeOlho.Scheduler", "DeOlho.Scheduler\DeOlho.Scheduler.csproj", "{F6633289-B674-4214-B129-DC725F1C6DC2}"
EndProject
Project("{FAE04EC0-301F-11D3-BF4B-00C04F79EFBC}") = "DeOlho.Scheduler.Console", "DeOlho.Scheduler.Console\DeOlho.Scheduler.Console.csproj", "{1C403B30-98EB-4D05-92AC-C6679DB9533C}"
EndProject
Project("{FAE04EC0-301F-11D3-BF4B-00C04F79EFBC}") = "DeOlho.Scheduler.Dashboard", "DeOlho.Scheduler.Dashboard\DeOlho.Scheduler.Dashboard.csproj", "{F3780DC4-CD91-478E-963D-F84412C4FD8E}"
EndProject
Project("{FAE04EC0-301F-11D3-BF4B-00C04F79EFBC}") = "DeOlho.ETL", "DeOlho.ETL\DeOlho.ETL.csproj", "{40B8C24B-BEA3-46DF-8538-8FACBE1928B6}"
EndProject
Project("{FAE04EC0-301F-11D3-BF4B-00C04F79EFBC}") = "DeOlho.ETL.Test", "DeOlho.ETL.Test\DeOlho.ETL.Test.csproj", "{B7681C0F-E34C-4E69-851B-EB6795EF3DA5}"
EndProject
Global
	GlobalSection(SolutionProperties) = preSolution
		HideSolutionNode = FALSE
	EndGlobalSection
	GlobalSection(SolutionConfigurationPlatforms) = preSolution
		Debug|Any CPU = Debug|Any CPU
		Debug|x64 = Debug|x64
		Debug|x86 = Debug|x86
		Release|Any CPU = Release|Any CPU
		Release|x64 = Release|x64
		Release|x86 = Release|x86
	EndGlobalSection
	GlobalSection(ProjectConfigurationPlatforms) = postSolution
		{CE247EE6-A631-43F3-BFF5-C899764B402F}.Debug|Any CPU.ActiveCfg = Debug|Any CPU
		{CE247EE6-A631-43F3-BFF5-C899764B402F}.Debug|Any CPU.Build.0 = Debug|Any CPU
		{CE247EE6-A631-43F3-BFF5-C899764B402F}.Debug|x64.ActiveCfg = Debug|Any CPU
		{CE247EE6-A631-43F3-BFF5-C899764B402F}.Debug|x64.Build.0 = Debug|Any CPU
		{CE247EE6-A631-43F3-BFF5-C899764B402F}.Debug|x86.ActiveCfg = Debug|Any CPU
		{CE247EE6-A631-43F3-BFF5-C899764B402F}.Debug|x86.Build.0 = Debug|Any CPU
		{CE247EE6-A631-43F3-BFF5-C899764B402F}.Release|Any CPU.ActiveCfg = Release|Any CPU
		{CE247EE6-A631-43F3-BFF5-C899764B402F}.Release|Any CPU.Build.0 = Release|Any CPU
		{CE247EE6-A631-43F3-BFF5-C899764B402F}.Release|x64.ActiveCfg = Release|Any CPU
		{CE247EE6-A631-43F3-BFF5-C899764B402F}.Release|x64.Build.0 = Release|Any CPU
		{CE247EE6-A631-43F3-BFF5-C899764B402F}.Release|x86.ActiveCfg = Release|Any CPU
		{CE247EE6-A631-43F3-BFF5-C899764B402F}.Release|x86.Build.0 = Release|Any CPU
		{21D37052-BD23-4646-8388-1362B0E5936C}.Debug|Any CPU.ActiveCfg = Debug|Any CPU
		{21D37052-BD23-4646-8388-1362B0E5936C}.Debug|Any CPU.Build.0 = Debug|Any CPU
		{21D37052-BD23-4646-8388-1362B0E5936C}.Debug|x64.ActiveCfg = Debug|Any CPU
		{21D37052-BD23-4646-8388-1362B0E5936C}.Debug|x64.Build.0 = Debug|Any CPU
		{21D37052-BD23-4646-8388-1362B0E5936C}.Debug|x86.ActiveCfg = Debug|Any CPU
		{21D37052-BD23-4646-8388-1362B0E5936C}.Debug|x86.Build.0 = Debug|Any CPU
		{21D37052-BD23-4646-8388-1362B0E5936C}.Release|Any CPU.ActiveCfg = Release|Any CPU
		{21D37052-BD23-4646-8388-1362B0E5936C}.Release|Any CPU.Build.0 = Release|Any CPU
		{21D37052-BD23-4646-8388-1362B0E5936C}.Release|x64.ActiveCfg = Release|Any CPU
		{21D37052-BD23-4646-8388-1362B0E5936C}.Release|x64.Build.0 = Release|Any CPU
		{21D37052-BD23-4646-8388-1362B0E5936C}.Release|x86.ActiveCfg = Release|Any CPU
		{21D37052-BD23-4646-8388-1362B0E5936C}.Release|x86.Build.0 = Release|Any CPU
		{F6633289-B674-4214-B129-DC725F1C6DC2}.Debug|Any CPU.ActiveCfg = Debug|Any CPU
		{F6633289-B674-4214-B129-DC725F1C6DC2}.Debug|Any CPU.Build.0 = Debug|Any CPU
		{F6633289-B674-4214-B129-DC725F1C6DC2}.Debug|x64.ActiveCfg = Debug|Any CPU
		{F6633289-B674-4214-B129-DC725F1C6DC2}.Debug|x64.Build.0 = Debug|Any CPU
		{F6633289-B674-4214-B129-DC725F1C6DC2}.Debug|x86.ActiveCfg = Debug|Any CPU
		{F6633289-B674-4214-B129-DC725F1C6DC2}.Debug|x86.Build.0 = Debug|Any CPU
		{F6633289-B674-4214-B129-DC725F1C6DC2}.Release|Any CPU.ActiveCfg = Release|Any CPU
		{F6633289-B674-4214-B129-DC725F1C6DC2}.Release|Any CPU.Build.0 = Release|Any CPU
		{F6633289-B674-4214-B129-DC725F1C6DC2}.Release|x64.ActiveCfg = Release|Any CPU
		{F6633289-B674-4214-B129-DC725F1C6DC2}.Release|x64.Build.0 = Release|Any CPU
		{F6633289-B674-4214-B129-DC725F1C6DC2}.Release|x86.ActiveCfg = Release|Any CPU
		{F6633289-B674-4214-B129-DC725F1C6DC2}.Release|x86.Build.0 = Release|Any CPU
		{1C403B30-98EB-4D05-92AC-C6679DB9533C}.Debug|Any CPU.ActiveCfg = Debug|Any CPU
		{1C403B30-98EB-4D05-92AC-C6679DB9533C}.Debug|Any CPU.Build.0 = Debug|Any CPU
		{1C403B30-98EB-4D05-92AC-C6679DB9533C}.Debug|x64.ActiveCfg = Debug|Any CPU
		{1C403B30-98EB-4D05-92AC-C6679DB9533C}.Debug|x64.Build.0 = Debug|Any CPU
		{1C403B30-98EB-4D05-92AC-C6679DB9533C}.Debug|x86.ActiveCfg = Debug|Any CPU
		{1C403B30-98EB-4D05-92AC-C6679DB9533C}.Debug|x86.Build.0 = Debug|Any CPU
		{1C403B30-98EB-4D05-92AC-C6679DB9533C}.Release|Any CPU.ActiveCfg = Release|Any CPU
		{1C403B30-98EB-4D05-92AC-C6679DB9533C}.Release|Any CPU.Build.0 = Release|Any CPU
		{1C403B30-98EB-4D05-92AC-C6679DB9533C}.Release|x64.ActiveCfg = Release|Any CPU
		{1C403B30-98EB-4D05-92AC-C6679DB9533C}.Release|x64.Build.0 = Release|Any CPU
		{1C403B30-98EB-4D05-92AC-C6679DB9533C}.Release|x86.ActiveCfg = Release|Any CPU
		{1C403B30-98EB-4D05-92AC-C6679DB9533C}.Release|x86.Build.0 = Release|Any CPU
		{F3780DC4-CD91-478E-963D-F84412C4FD8E}.Debug|Any CPU.ActiveCfg = Debug|Any CPU
		{F3780DC4-CD91-478E-963D-F84412C4FD8E}.Debug|Any CPU.Build.0 = Debug|Any CPU
		{F3780DC4-CD91-478E-963D-F84412C4FD8E}.Debug|x64.ActiveCfg = Debug|Any CPU
		{F3780DC4-CD91-478E-963D-F84412C4FD8E}.Debug|x64.Build.0 = Debug|Any CPU
		{F3780DC4-CD91-478E-963D-F84412C4FD8E}.Debug|x86.ActiveCfg = Debug|Any CPU
		{F3780DC4-CD91-478E-963D-F84412C4FD8E}.Debug|x86.Build.0 = Debug|Any CPU
		{F3780DC4-CD91-478E-963D-F84412C4FD8E}.Release|Any CPU.ActiveCfg = Release|Any CPU
		{F3780DC4-CD91-478E-963D-F84412C4FD8E}.Release|Any CPU.Build.0 = Release|Any CPU
		{F3780DC4-CD91-478E-963D-F84412C4FD8E}.Release|x64.ActiveCfg = Release|Any CPU
		{F3780DC4-CD91-478E-963D-F84412C4FD8E}.Release|x64.Build.0 = Release|Any CPU
		{F3780DC4-CD91-478E-963D-F84412C4FD8E}.Release|x86.ActiveCfg = Release|Any CPU
		{F3780DC4-CD91-478E-963D-F84412C4FD8E}.Release|x86.Build.0 = Release|Any CPU
		{40B8C24B-BEA3-46DF-8538-8FACBE1928B6}.Debug|Any CPU.ActiveCfg = Debug|Any CPU
		{40B8C24B-BEA3-46DF-8538-8FACBE1928B6}.Debug|Any CPU.Build.0 = Debug|Any CPU
		{40B8C24B-BEA3-46DF-8538-8FACBE1928B6}.Debug|x64.ActiveCfg = Debug|Any CPU
		{40B8C24B-BEA3-46DF-8538-8FACBE1928B6}.Debug|x64.Build.0 = Debug|Any CPU
		{40B8C24B-BEA3-46DF-8538-8FACBE1928B6}.Debug|x86.ActiveCfg = Debug|Any CPU
		{40B8C24B-BEA3-46DF-8538-8FACBE1928B6}.Debug|x86.Build.0 = Debug|Any CPU
		{40B8C24B-BEA3-46DF-8538-8FACBE1928B6}.Release|Any CPU.ActiveCfg = Release|Any CPU
		{40B8C24B-BEA3-46DF-8538-8FACBE1928B6}.Release|Any CPU.Build.0 = Release|Any CPU
		{40B8C24B-BEA3-46DF-8538-8FACBE1928B6}.Release|x64.ActiveCfg = Release|Any CPU
		{40B8C24B-BEA3-46DF-8538-8FACBE1928B6}.Release|x64.Build.0 = Release|Any CPU
		{40B8C24B-BEA3-46DF-8538-8FACBE1928B6}.Release|x86.ActiveCfg = Release|Any CPU
		{40B8C24B-BEA3-46DF-8538-8FACBE1928B6}.Release|x86.Build.0 = Release|Any CPU
		{B7681C0F-E34C-4E69-851B-EB6795EF3DA5}.Debug|Any CPU.ActiveCfg = Debug|Any CPU
		{B7681C0F-E34C-4E69-851B-EB6795EF3DA5}.Debug|Any CPU.Build.0 = Debug|Any CPU
		{B7681C0F-E34C-4E69-851B-EB6795EF3DA5}.Debug|x64.ActiveCfg = Debug|Any CPU
		{B7681C0F-E34C-4E69-851B-EB6795EF3DA5}.Debug|x64.Build.0 = Debug|Any CPU
		{B7681C0F-E34C-4E69-851B-EB6795EF3DA5}.Debug|x86.ActiveCfg = Debug|Any CPU
		{B7681C0F-E34C-4E69-851B-EB6795EF3DA5}.Debug|x86.Build.0 = Debug|Any CPU
		{B7681C0F-E34C-4E69-851B-EB6795EF3DA5}.Release|Any CPU.ActiveCfg = Release|Any CPU
		{B7681C0F-E34C-4E69-851B-EB6795EF3DA5}.Release|Any CPU.Build.0 = Release|Any CPU
		{B7681C0F-E34C-4E69-851B-EB6795EF3DA5}.Release|x64.ActiveCfg = Release|Any CPU
		{B7681C0F-E34C-4E69-851B-EB6795EF3DA5}.Release|x64.Build.0 = Release|Any CPU
		{B7681C0F-E34C-4E69-851B-EB6795EF3DA5}.Release|x86.ActiveCfg = Release|Any CPU
		{B7681C0F-E34C-4E69-851B-EB6795EF3DA5}.Release|x86.Build.0 = Release|Any CPU
	EndGlobalSection
EndGlobal
