
Microsoft Visual Studio Solution File, Format Version 12.00
# Visual Studio 15
VisualStudioVersion = 15.0.26124.0
MinimumVisualStudioVersion = 15.0.26124.0
Project("{FAE04EC0-301F-11D3-BF4B-00C04F79EFBC}") = "DeOlho.Services.Politicos.Api", "Api\DeOlho.Services.Politicos.Api.csproj", "{552F1F3C-F470-4604-9349-8A0D56AD3EE3}"
EndProject
Global
	GlobalSection(SolutionConfigurationPlatforms) = preSolution
		Debug|Any CPU = Debug|Any CPU
		Debug|x64 = Debug|x64
		Debug|x86 = Debug|x86
		Release|Any CPU = Release|Any CPU
		Release|x64 = Release|x64
		Release|x86 = Release|x86
	EndGlobalSection
	GlobalSection(SolutionProperties) = preSolution
		HideSolutionNode = FALSE
	EndGlobalSection
	GlobalSection(ProjectConfigurationPlatforms) = postSolution
		{E3469BF0-A9BF-4AF9-B9D0-2B653963A87B}.Debug|Any CPU.ActiveCfg = Debug|Any CPU
		{E3469BF0-A9BF-4AF9-B9D0-2B653963A87B}.Debug|Any CPU.Build.0 = Debug|Any CPU
		{E3469BF0-A9BF-4AF9-B9D0-2B653963A87B}.Debug|x64.ActiveCfg = Debug|Any CPU
		{E3469BF0-A9BF-4AF9-B9D0-2B653963A87B}.Debug|x64.Build.0 = Debug|Any CPU
		{E3469BF0-A9BF-4AF9-B9D0-2B653963A87B}.Debug|x86.ActiveCfg = Debug|Any CPU
		{E3469BF0-A9BF-4AF9-B9D0-2B653963A87B}.Debug|x86.Build.0 = Debug|Any CPU
		{E3469BF0-A9BF-4AF9-B9D0-2B653963A87B}.Release|Any CPU.ActiveCfg = Release|Any CPU
		{E3469BF0-A9BF-4AF9-B9D0-2B653963A87B}.Release|Any CPU.Build.0 = Release|Any CPU
		{E3469BF0-A9BF-4AF9-B9D0-2B653963A87B}.Release|x64.ActiveCfg = Release|Any CPU
		{E3469BF0-A9BF-4AF9-B9D0-2B653963A87B}.Release|x64.Build.0 = Release|Any CPU
		{E3469BF0-A9BF-4AF9-B9D0-2B653963A87B}.Release|x86.ActiveCfg = Release|Any CPU
		{E3469BF0-A9BF-4AF9-B9D0-2B653963A87B}.Release|x86.Build.0 = Release|Any CPU
		{FD6069A8-1192-4BD6-B2DF-FE97151D35B7}.Debug|Any CPU.ActiveCfg = Debug|Any CPU
		{FD6069A8-1192-4BD6-B2DF-FE97151D35B7}.Debug|Any CPU.Build.0 = Debug|Any CPU
		{FD6069A8-1192-4BD6-B2DF-FE97151D35B7}.Debug|x64.ActiveCfg = Debug|Any CPU
		{FD6069A8-1192-4BD6-B2DF-FE97151D35B7}.Debug|x64.Build.0 = Debug|Any CPU
		{FD6069A8-1192-4BD6-B2DF-FE97151D35B7}.Debug|x86.ActiveCfg = Debug|Any CPU
		{FD6069A8-1192-4BD6-B2DF-FE97151D35B7}.Debug|x86.Build.0 = Debug|Any CPU
		{FD6069A8-1192-4BD6-B2DF-FE97151D35B7}.Release|Any CPU.ActiveCfg = Release|Any CPU
		{FD6069A8-1192-4BD6-B2DF-FE97151D35B7}.Release|Any CPU.Build.0 = Release|Any CPU
		{FD6069A8-1192-4BD6-B2DF-FE97151D35B7}.Release|x64.ActiveCfg = Release|Any CPU
		{FD6069A8-1192-4BD6-B2DF-FE97151D35B7}.Release|x64.Build.0 = Release|Any CPU
		{FD6069A8-1192-4BD6-B2DF-FE97151D35B7}.Release|x86.ActiveCfg = Release|Any CPU
		{FD6069A8-1192-4BD6-B2DF-FE97151D35B7}.Release|x86.Build.0 = Release|Any CPU
		{552F1F3C-F470-4604-9349-8A0D56AD3EE3}.Debug|Any CPU.ActiveCfg = Debug|Any CPU
		{552F1F3C-F470-4604-9349-8A0D56AD3EE3}.Debug|Any CPU.Build.0 = Debug|Any CPU
		{552F1F3C-F470-4604-9349-8A0D56AD3EE3}.Debug|x64.ActiveCfg = Debug|Any CPU
		{552F1F3C-F470-4604-9349-8A0D56AD3EE3}.Debug|x64.Build.0 = Debug|Any CPU
		{552F1F3C-F470-4604-9349-8A0D56AD3EE3}.Debug|x86.ActiveCfg = Debug|Any CPU
		{552F1F3C-F470-4604-9349-8A0D56AD3EE3}.Debug|x86.Build.0 = Debug|Any CPU
		{552F1F3C-F470-4604-9349-8A0D56AD3EE3}.Release|Any CPU.ActiveCfg = Release|Any CPU
		{552F1F3C-F470-4604-9349-8A0D56AD3EE3}.Release|Any CPU.Build.0 = Release|Any CPU
		{552F1F3C-F470-4604-9349-8A0D56AD3EE3}.Release|x64.ActiveCfg = Release|Any CPU
		{552F1F3C-F470-4604-9349-8A0D56AD3EE3}.Release|x64.Build.0 = Release|Any CPU
		{552F1F3C-F470-4604-9349-8A0D56AD3EE3}.Release|x86.ActiveCfg = Release|Any CPU
		{552F1F3C-F470-4604-9349-8A0D56AD3EE3}.Release|x86.Build.0 = Release|Any CPU
	EndGlobalSection
EndGlobal
