
Microsoft Visual Studio Solution File, Format Version 12.00
# Visual Studio 15
VisualStudioVersion = 15.0.26124.0
MinimumVisualStudioVersion = 15.0.26124.0
Project("{FAE04EC0-301F-11D3-BF4B-00C04F79EFBC}") = "DeOlho.Services.Despesas.Domain", "1-Domain\DeOlho.Services.Despesas.Domain.csproj", "{191ED493-7409-4B95-993B-0ED884281A4C}"
EndProject
Project("{FAE04EC0-301F-11D3-BF4B-00C04F79EFBC}") = "DeOlho.Services.Despesas.Infrastucture", "2-Infrastucture\DeOlho.Services.Despesas.Infrastucture.csproj", "{23DEDA42-BFD6-49E1-8C0B-0B26CEF4936F}"
EndProject
Project("{FAE04EC0-301F-11D3-BF4B-00C04F79EFBC}") = "DeOlho.Services.Despesas.Application", "3-Application\DeOlho.Services.Despesas.Application.csproj", "{83D66B6B-E278-4E7D-9987-F0F9D44795EF}"
EndProject
Project("{FAE04EC0-301F-11D3-BF4B-00C04F79EFBC}") = "DeOlho.Services.Despesas.API", "4-API\DeOlho.Services.Despesas.API.csproj", "{621FA119-B60C-490B-A993-7C1516B11595}"
EndProject
Global
	GlobalSection(SolutionConfigurationPlatforms) = preSolution
		Debug|Any CPU = Debug|Any CPU
		Debug|x64 = Debug|x64
		Debug|x86 = Debug|x86
		Release|Any CPU = Release|Any CPU
		Release|x64 = Release|x64
		Release|x86 = Release|x86
	EndGlobalSection
	GlobalSection(SolutionProperties) = preSolution
		HideSolutionNode = FALSE
	EndGlobalSection
	GlobalSection(ProjectConfigurationPlatforms) = postSolution
		{191ED493-7409-4B95-993B-0ED884281A4C}.Debug|Any CPU.ActiveCfg = Debug|Any CPU
		{191ED493-7409-4B95-993B-0ED884281A4C}.Debug|Any CPU.Build.0 = Debug|Any CPU
		{191ED493-7409-4B95-993B-0ED884281A4C}.Debug|x64.ActiveCfg = Debug|Any CPU
		{191ED493-7409-4B95-993B-0ED884281A4C}.Debug|x64.Build.0 = Debug|Any CPU
		{191ED493-7409-4B95-993B-0ED884281A4C}.Debug|x86.ActiveCfg = Debug|Any CPU
		{191ED493-7409-4B95-993B-0ED884281A4C}.Debug|x86.Build.0 = Debug|Any CPU
		{191ED493-7409-4B95-993B-0ED884281A4C}.Release|Any CPU.ActiveCfg = Release|Any CPU
		{191ED493-7409-4B95-993B-0ED884281A4C}.Release|Any CPU.Build.0 = Release|Any CPU
		{191ED493-7409-4B95-993B-0ED884281A4C}.Release|x64.ActiveCfg = Release|Any CPU
		{191ED493-7409-4B95-993B-0ED884281A4C}.Release|x64.Build.0 = Release|Any CPU
		{191ED493-7409-4B95-993B-0ED884281A4C}.Release|x86.ActiveCfg = Release|Any CPU
		{191ED493-7409-4B95-993B-0ED884281A4C}.Release|x86.Build.0 = Release|Any CPU
		{23DEDA42-BFD6-49E1-8C0B-0B26CEF4936F}.Debug|Any CPU.ActiveCfg = Debug|Any CPU
		{23DEDA42-BFD6-49E1-8C0B-0B26CEF4936F}.Debug|Any CPU.Build.0 = Debug|Any CPU
		{23DEDA42-BFD6-49E1-8C0B-0B26CEF4936F}.Debug|x64.ActiveCfg = Debug|Any CPU
		{23DEDA42-BFD6-49E1-8C0B-0B26CEF4936F}.Debug|x64.Build.0 = Debug|Any CPU
		{23DEDA42-BFD6-49E1-8C0B-0B26CEF4936F}.Debug|x86.ActiveCfg = Debug|Any CPU
		{23DEDA42-BFD6-49E1-8C0B-0B26CEF4936F}.Debug|x86.Build.0 = Debug|Any CPU
		{23DEDA42-BFD6-49E1-8C0B-0B26CEF4936F}.Release|Any CPU.ActiveCfg = Release|Any CPU
		{23DEDA42-BFD6-49E1-8C0B-0B26CEF4936F}.Release|Any CPU.Build.0 = Release|Any CPU
		{23DEDA42-BFD6-49E1-8C0B-0B26CEF4936F}.Release|x64.ActiveCfg = Release|Any CPU
		{23DEDA42-BFD6-49E1-8C0B-0B26CEF4936F}.Release|x64.Build.0 = Release|Any CPU
		{23DEDA42-BFD6-49E1-8C0B-0B26CEF4936F}.Release|x86.ActiveCfg = Release|Any CPU
		{23DEDA42-BFD6-49E1-8C0B-0B26CEF4936F}.Release|x86.Build.0 = Release|Any CPU
		{83D66B6B-E278-4E7D-9987-F0F9D44795EF}.Debug|Any CPU.ActiveCfg = Debug|Any CPU
		{83D66B6B-E278-4E7D-9987-F0F9D44795EF}.Debug|Any CPU.Build.0 = Debug|Any CPU
		{83D66B6B-E278-4E7D-9987-F0F9D44795EF}.Debug|x64.ActiveCfg = Debug|Any CPU
		{83D66B6B-E278-4E7D-9987-F0F9D44795EF}.Debug|x64.Build.0 = Debug|Any CPU
		{83D66B6B-E278-4E7D-9987-F0F9D44795EF}.Debug|x86.ActiveCfg = Debug|Any CPU
		{83D66B6B-E278-4E7D-9987-F0F9D44795EF}.Debug|x86.Build.0 = Debug|Any CPU
		{83D66B6B-E278-4E7D-9987-F0F9D44795EF}.Release|Any CPU.ActiveCfg = Release|Any CPU
		{83D66B6B-E278-4E7D-9987-F0F9D44795EF}.Release|Any CPU.Build.0 = Release|Any CPU
		{83D66B6B-E278-4E7D-9987-F0F9D44795EF}.Release|x64.ActiveCfg = Release|Any CPU
		{83D66B6B-E278-4E7D-9987-F0F9D44795EF}.Release|x64.Build.0 = Release|Any CPU
		{83D66B6B-E278-4E7D-9987-F0F9D44795EF}.Release|x86.ActiveCfg = Release|Any CPU
		{83D66B6B-E278-4E7D-9987-F0F9D44795EF}.Release|x86.Build.0 = Release|Any CPU
		{621FA119-B60C-490B-A993-7C1516B11595}.Debug|Any CPU.ActiveCfg = Debug|Any CPU
		{621FA119-B60C-490B-A993-7C1516B11595}.Debug|Any CPU.Build.0 = Debug|Any CPU
		{621FA119-B60C-490B-A993-7C1516B11595}.Debug|x64.ActiveCfg = Debug|Any CPU
		{621FA119-B60C-490B-A993-7C1516B11595}.Debug|x64.Build.0 = Debug|Any CPU
		{621FA119-B60C-490B-A993-7C1516B11595}.Debug|x86.ActiveCfg = Debug|Any CPU
		{621FA119-B60C-490B-A993-7C1516B11595}.Debug|x86.Build.0 = Debug|Any CPU
		{621FA119-B60C-490B-A993-7C1516B11595}.Release|Any CPU.ActiveCfg = Release|Any CPU
		{621FA119-B60C-490B-A993-7C1516B11595}.Release|Any CPU.Build.0 = Release|Any CPU
		{621FA119-B60C-490B-A993-7C1516B11595}.Release|x64.ActiveCfg = Release|Any CPU
		{621FA119-B60C-490B-A993-7C1516B11595}.Release|x64.Build.0 = Release|Any CPU
		{621FA119-B60C-490B-A993-7C1516B11595}.Release|x86.ActiveCfg = Release|Any CPU
		{621FA119-B60C-490B-A993-7C1516B11595}.Release|x86.Build.0 = Release|Any CPU
	EndGlobalSection
EndGlobal
