
Microsoft Visual Studio Solution File, Format Version 12.00
# Visual Studio 15
VisualStudioVersion = 15.0.26124.0
MinimumVisualStudioVersion = 15.0.26124.0
Project("{FAE04EC0-301F-11D3-BF4B-00C04F79EFBC}") = "DeOlho.ETL.dadosabertos_camara_leg_br.Api", "Api\DeOlho.ETL.dadosabertos_camara_leg_br.Api.csproj", "{B50A2A00-865E-4979-9303-BA0C97321A41}"
EndProject
Global
	GlobalSection(SolutionConfigurationPlatforms) = preSolution
		Debug|Any CPU = Debug|Any CPU
		Debug|x64 = Debug|x64
		Debug|x86 = Debug|x86
		Release|Any CPU = Release|Any CPU
		Release|x64 = Release|x64
		Release|x86 = Release|x86
	EndGlobalSection
	GlobalSection(SolutionProperties) = preSolution
		HideSolutionNode = FALSE
	EndGlobalSection
	GlobalSection(ProjectConfigurationPlatforms) = postSolution
		{2FF9DCA5-B9EE-46D7-B913-B51FFF1E359A}.Debug|Any CPU.ActiveCfg = Debug|Any CPU
		{2FF9DCA5-B9EE-46D7-B913-B51FFF1E359A}.Debug|Any CPU.Build.0 = Debug|Any CPU
		{2FF9DCA5-B9EE-46D7-B913-B51FFF1E359A}.Debug|x64.ActiveCfg = Debug|Any CPU
		{2FF9DCA5-B9EE-46D7-B913-B51FFF1E359A}.Debug|x64.Build.0 = Debug|Any CPU
		{2FF9DCA5-B9EE-46D7-B913-B51FFF1E359A}.Debug|x86.ActiveCfg = Debug|Any CPU
		{2FF9DCA5-B9EE-46D7-B913-B51FFF1E359A}.Debug|x86.Build.0 = Debug|Any CPU
		{2FF9DCA5-B9EE-46D7-B913-B51FFF1E359A}.Release|Any CPU.ActiveCfg = Release|Any CPU
		{2FF9DCA5-B9EE-46D7-B913-B51FFF1E359A}.Release|Any CPU.Build.0 = Release|Any CPU
		{2FF9DCA5-B9EE-46D7-B913-B51FFF1E359A}.Release|x64.ActiveCfg = Release|Any CPU
		{2FF9DCA5-B9EE-46D7-B913-B51FFF1E359A}.Release|x64.Build.0 = Release|Any CPU
		{2FF9DCA5-B9EE-46D7-B913-B51FFF1E359A}.Release|x86.ActiveCfg = Release|Any CPU
		{2FF9DCA5-B9EE-46D7-B913-B51FFF1E359A}.Release|x86.Build.0 = Release|Any CPU
		{E95C89BC-C4E3-40E7-8758-B652D387F89C}.Debug|Any CPU.ActiveCfg = Debug|Any CPU
		{E95C89BC-C4E3-40E7-8758-B652D387F89C}.Debug|Any CPU.Build.0 = Debug|Any CPU
		{E95C89BC-C4E3-40E7-8758-B652D387F89C}.Debug|x64.ActiveCfg = Debug|Any CPU
		{E95C89BC-C4E3-40E7-8758-B652D387F89C}.Debug|x64.Build.0 = Debug|Any CPU
		{E95C89BC-C4E3-40E7-8758-B652D387F89C}.Debug|x86.ActiveCfg = Debug|Any CPU
		{E95C89BC-C4E3-40E7-8758-B652D387F89C}.Debug|x86.Build.0 = Debug|Any CPU
		{E95C89BC-C4E3-40E7-8758-B652D387F89C}.Release|Any CPU.ActiveCfg = Release|Any CPU
		{E95C89BC-C4E3-40E7-8758-B652D387F89C}.Release|Any CPU.Build.0 = Release|Any CPU
		{E95C89BC-C4E3-40E7-8758-B652D387F89C}.Release|x64.ActiveCfg = Release|Any CPU
		{E95C89BC-C4E3-40E7-8758-B652D387F89C}.Release|x64.Build.0 = Release|Any CPU
		{E95C89BC-C4E3-40E7-8758-B652D387F89C}.Release|x86.ActiveCfg = Release|Any CPU
		{E95C89BC-C4E3-40E7-8758-B652D387F89C}.Release|x86.Build.0 = Release|Any CPU
		{461DB7C8-1047-49CA-AD0F-8829480A373A}.Debug|Any CPU.ActiveCfg = Debug|Any CPU
		{461DB7C8-1047-49CA-AD0F-8829480A373A}.Debug|Any CPU.Build.0 = Debug|Any CPU
		{461DB7C8-1047-49CA-AD0F-8829480A373A}.Debug|x64.ActiveCfg = Debug|Any CPU
		{461DB7C8-1047-49CA-AD0F-8829480A373A}.Debug|x64.Build.0 = Debug|Any CPU
		{461DB7C8-1047-49CA-AD0F-8829480A373A}.Debug|x86.ActiveCfg = Debug|Any CPU
		{461DB7C8-1047-49CA-AD0F-8829480A373A}.Debug|x86.Build.0 = Debug|Any CPU
		{461DB7C8-1047-49CA-AD0F-8829480A373A}.Release|Any CPU.ActiveCfg = Release|Any CPU
		{461DB7C8-1047-49CA-AD0F-8829480A373A}.Release|Any CPU.Build.0 = Release|Any CPU
		{461DB7C8-1047-49CA-AD0F-8829480A373A}.Release|x64.ActiveCfg = Release|Any CPU
		{461DB7C8-1047-49CA-AD0F-8829480A373A}.Release|x64.Build.0 = Release|Any CPU
		{461DB7C8-1047-49CA-AD0F-8829480A373A}.Release|x86.ActiveCfg = Release|Any CPU
		{461DB7C8-1047-49CA-AD0F-8829480A373A}.Release|x86.Build.0 = Release|Any CPU
		{FB600AAC-7C41-45E3-86C0-3A9B24F0CCE8}.Debug|Any CPU.ActiveCfg = Debug|Any CPU
		{FB600AAC-7C41-45E3-86C0-3A9B24F0CCE8}.Debug|Any CPU.Build.0 = Debug|Any CPU
		{FB600AAC-7C41-45E3-86C0-3A9B24F0CCE8}.Debug|x64.ActiveCfg = Debug|Any CPU
		{FB600AAC-7C41-45E3-86C0-3A9B24F0CCE8}.Debug|x64.Build.0 = Debug|Any CPU
		{FB600AAC-7C41-45E3-86C0-3A9B24F0CCE8}.Debug|x86.ActiveCfg = Debug|Any CPU
		{FB600AAC-7C41-45E3-86C0-3A9B24F0CCE8}.Debug|x86.Build.0 = Debug|Any CPU
		{FB600AAC-7C41-45E3-86C0-3A9B24F0CCE8}.Release|Any CPU.ActiveCfg = Release|Any CPU
		{FB600AAC-7C41-45E3-86C0-3A9B24F0CCE8}.Release|Any CPU.Build.0 = Release|Any CPU
		{FB600AAC-7C41-45E3-86C0-3A9B24F0CCE8}.Release|x64.ActiveCfg = Release|Any CPU
		{FB600AAC-7C41-45E3-86C0-3A9B24F0CCE8}.Release|x64.Build.0 = Release|Any CPU
		{FB600AAC-7C41-45E3-86C0-3A9B24F0CCE8}.Release|x86.ActiveCfg = Release|Any CPU
		{FB600AAC-7C41-45E3-86C0-3A9B24F0CCE8}.Release|x86.Build.0 = Release|Any CPU
		{8CC1C8C8-F999-401E-BCF1-2B9A3F77DBFF}.Debug|Any CPU.ActiveCfg = Debug|Any CPU
		{8CC1C8C8-F999-401E-BCF1-2B9A3F77DBFF}.Debug|Any CPU.Build.0 = Debug|Any CPU
		{8CC1C8C8-F999-401E-BCF1-2B9A3F77DBFF}.Debug|x64.ActiveCfg = Debug|Any CPU
		{8CC1C8C8-F999-401E-BCF1-2B9A3F77DBFF}.Debug|x64.Build.0 = Debug|Any CPU
		{8CC1C8C8-F999-401E-BCF1-2B9A3F77DBFF}.Debug|x86.ActiveCfg = Debug|Any CPU
		{8CC1C8C8-F999-401E-BCF1-2B9A3F77DBFF}.Debug|x86.Build.0 = Debug|Any CPU
		{8CC1C8C8-F999-401E-BCF1-2B9A3F77DBFF}.Release|Any CPU.ActiveCfg = Release|Any CPU
		{8CC1C8C8-F999-401E-BCF1-2B9A3F77DBFF}.Release|Any CPU.Build.0 = Release|Any CPU
		{8CC1C8C8-F999-401E-BCF1-2B9A3F77DBFF}.Release|x64.ActiveCfg = Release|Any CPU
		{8CC1C8C8-F999-401E-BCF1-2B9A3F77DBFF}.Release|x64.Build.0 = Release|Any CPU
		{8CC1C8C8-F999-401E-BCF1-2B9A3F77DBFF}.Release|x86.ActiveCfg = Release|Any CPU
		{8CC1C8C8-F999-401E-BCF1-2B9A3F77DBFF}.Release|x86.Build.0 = Release|Any CPU
		{B50A2A00-865E-4979-9303-BA0C97321A41}.Debug|Any CPU.ActiveCfg = Debug|Any CPU
		{B50A2A00-865E-4979-9303-BA0C97321A41}.Debug|Any CPU.Build.0 = Debug|Any CPU
		{B50A2A00-865E-4979-9303-BA0C97321A41}.Debug|x64.ActiveCfg = Debug|Any CPU
		{B50A2A00-865E-4979-9303-BA0C97321A41}.Debug|x64.Build.0 = Debug|Any CPU
		{B50A2A00-865E-4979-9303-BA0C97321A41}.Debug|x86.ActiveCfg = Debug|Any CPU
		{B50A2A00-865E-4979-9303-BA0C97321A41}.Debug|x86.Build.0 = Debug|Any CPU
		{B50A2A00-865E-4979-9303-BA0C97321A41}.Release|Any CPU.ActiveCfg = Release|Any CPU
		{B50A2A00-865E-4979-9303-BA0C97321A41}.Release|Any CPU.Build.0 = Release|Any CPU
		{B50A2A00-865E-4979-9303-BA0C97321A41}.Release|x64.ActiveCfg = Release|Any CPU
		{B50A2A00-865E-4979-9303-BA0C97321A41}.Release|x64.Build.0 = Release|Any CPU
		{B50A2A00-865E-4979-9303-BA0C97321A41}.Release|x86.ActiveCfg = Release|Any CPU
		{B50A2A00-865E-4979-9303-BA0C97321A41}.Release|x86.Build.0 = Release|Any CPU
		{0FEB014D-E5F6-4326-B767-3F1B8606C974}.Debug|Any CPU.ActiveCfg = Debug|Any CPU
		{0FEB014D-E5F6-4326-B767-3F1B8606C974}.Debug|Any CPU.Build.0 = Debug|Any CPU
		{0FEB014D-E5F6-4326-B767-3F1B8606C974}.Debug|x64.ActiveCfg = Debug|Any CPU
		{0FEB014D-E5F6-4326-B767-3F1B8606C974}.Debug|x64.Build.0 = Debug|Any CPU
		{0FEB014D-E5F6-4326-B767-3F1B8606C974}.Debug|x86.ActiveCfg = Debug|Any CPU
		{0FEB014D-E5F6-4326-B767-3F1B8606C974}.Debug|x86.Build.0 = Debug|Any CPU
		{0FEB014D-E5F6-4326-B767-3F1B8606C974}.Release|Any CPU.ActiveCfg = Release|Any CPU
		{0FEB014D-E5F6-4326-B767-3F1B8606C974}.Release|Any CPU.Build.0 = Release|Any CPU
		{0FEB014D-E5F6-4326-B767-3F1B8606C974}.Release|x64.ActiveCfg = Release|Any CPU
		{0FEB014D-E5F6-4326-B767-3F1B8606C974}.Release|x64.Build.0 = Release|Any CPU
		{0FEB014D-E5F6-4326-B767-3F1B8606C974}.Release|x86.ActiveCfg = Release|Any CPU
		{0FEB014D-E5F6-4326-B767-3F1B8606C974}.Release|x86.Build.0 = Release|Any CPU
	EndGlobalSection
EndGlobal
